
Microsoft Visual Studio Solution File, Format Version 12.00
# Visual Studio 15
VisualStudioVersion = 15.0.26228.4
MinimumVisualStudioVersion = 10.0.40219.1
Project("{FAE04EC0-301F-11D3-BF4B-00C04F79EFBC}") = "SolutionIcon", "SolutionIcon\SolutionIcon.csproj", "{7814387B-57F4-4723-9162-011BC484229E}"
EndProject
Project("{FAE04EC0-301F-11D3-BF4B-00C04F79EFBC}") = "SolutionIcon.Tests.Unit", "SolutionIcon.Tests.Unit\SolutionIcon.Tests.Unit.csproj", "{323015B4-F83C-4285-B311-5F8BD4DF98C3}"
EndProject
Global
	GlobalSection(SolutionConfigurationPlatforms) = preSolution
		Debug|Any CPU = Debug|Any CPU
		Debug|x86 = Debug|x86
		Release|Any CPU = Release|Any CPU
		Release|x86 = Release|x86
	EndGlobalSection
	GlobalSection(ProjectConfigurationPlatforms) = postSolution
		{7814387B-57F4-4723-9162-011BC484229E}.Debug|Any CPU.ActiveCfg = Debug|Any CPU
		{7814387B-57F4-4723-9162-011BC484229E}.Debug|Any CPU.Build.0 = Debug|Any CPU
		{7814387B-57F4-4723-9162-011BC484229E}.Debug|x86.ActiveCfg = Debug|Any CPU
		{7814387B-57F4-4723-9162-011BC484229E}.Debug|x86.Build.0 = Debug|Any CPU
		{7814387B-57F4-4723-9162-011BC484229E}.Release|Any CPU.ActiveCfg = Release|Any CPU
		{7814387B-57F4-4723-9162-011BC484229E}.Release|Any CPU.Build.0 = Release|Any CPU
		{7814387B-57F4-4723-9162-011BC484229E}.Release|x86.ActiveCfg = Release|Any CPU
		{7814387B-57F4-4723-9162-011BC484229E}.Release|x86.Build.0 = Release|Any CPU
		{323015B4-F83C-4285-B311-5F8BD4DF98C3}.Debug|Any CPU.ActiveCfg = Debug|Any CPU
		{323015B4-F83C-4285-B311-5F8BD4DF98C3}.Debug|Any CPU.Build.0 = Debug|Any CPU
		{323015B4-F83C-4285-B311-5F8BD4DF98C3}.Debug|x86.ActiveCfg = Debug|Any CPU
		{323015B4-F83C-4285-B311-5F8BD4DF98C3}.Debug|x86.Build.0 = Debug|Any CPU
		{323015B4-F83C-4285-B311-5F8BD4DF98C3}.Release|Any CPU.ActiveCfg = Release|Any CPU
		{323015B4-F83C-4285-B311-5F8BD4DF98C3}.Release|Any CPU.Build.0 = Release|Any CPU
		{323015B4-F83C-4285-B311-5F8BD4DF98C3}.Release|x86.ActiveCfg = Release|Any CPU
		{323015B4-F83C-4285-B311-5F8BD4DF98C3}.Release|x86.Build.0 = Release|Any CPU
	EndGlobalSection
	GlobalSection(SolutionProperties) = preSolution
		HideSolutionNode = FALSE
	EndGlobalSection
EndGlobal
